
Microsoft Visual Studio Solution File, Format Version 12.00
# Visual Studio Version 16
VisualStudioVersion = 16.0.30104.148
MinimumVisualStudioVersion = 10.0.40219.1
Project("{9A19103F-16F7-4668-BE54-9A1E7A4F7556}") = "EpidemicTracker.Api", "EpidemicTracker.Api\EpidemicTracker.Api.csproj", "{4F3B2D87-53E0-40B1-A87B-EE5C93D3D4C8}"
EndProject
Project("{9A19103F-16F7-4668-BE54-9A1E7A4F7556}") = "EpidemicTracker.data", "EpidemicTracker.data\EpidemicTracker.data.csproj", "{D587E8C2-6CE5-4B94-9C67-0F0049C573A5}"
EndProject
Project("{FAE04EC0-301F-11D3-BF4B-00C04F79EFBC}") = "EpidemicTracker.Testcases", "EpidemicTracker.Testcases\EpidemicTracker.Testcases.csproj", "{D3B455A2-D3F8-44C6-BE3D-EBE87C1C3D28}"
EndProject
Global
	GlobalSection(SolutionConfigurationPlatforms) = preSolution
		Debug|Any CPU = Debug|Any CPU
		Release|Any CPU = Release|Any CPU
	EndGlobalSection
	GlobalSection(ProjectConfigurationPlatforms) = postSolution
		{4F3B2D87-53E0-40B1-A87B-EE5C93D3D4C8}.Debug|Any CPU.ActiveCfg = Debug|Any CPU
		{4F3B2D87-53E0-40B1-A87B-EE5C93D3D4C8}.Debug|Any CPU.Build.0 = Debug|Any CPU
		{4F3B2D87-53E0-40B1-A87B-EE5C93D3D4C8}.Release|Any CPU.ActiveCfg = Release|Any CPU
		{4F3B2D87-53E0-40B1-A87B-EE5C93D3D4C8}.Release|Any CPU.Build.0 = Release|Any CPU
		{D587E8C2-6CE5-4B94-9C67-0F0049C573A5}.Debug|Any CPU.ActiveCfg = Debug|Any CPU
		{D587E8C2-6CE5-4B94-9C67-0F0049C573A5}.Debug|Any CPU.Build.0 = Debug|Any CPU
		{D587E8C2-6CE5-4B94-9C67-0F0049C573A5}.Release|Any CPU.ActiveCfg = Release|Any CPU
		{D587E8C2-6CE5-4B94-9C67-0F0049C573A5}.Release|Any CPU.Build.0 = Release|Any CPU
		{D3B455A2-D3F8-44C6-BE3D-EBE87C1C3D28}.Debug|Any CPU.ActiveCfg = Debug|Any CPU
		{D3B455A2-D3F8-44C6-BE3D-EBE87C1C3D28}.Debug|Any CPU.Build.0 = Debug|Any CPU
		{D3B455A2-D3F8-44C6-BE3D-EBE87C1C3D28}.Release|Any CPU.ActiveCfg = Release|Any CPU
		{D3B455A2-D3F8-44C6-BE3D-EBE87C1C3D28}.Release|Any CPU.Build.0 = Release|Any CPU
	EndGlobalSection
	GlobalSection(SolutionProperties) = preSolution
		HideSolutionNode = FALSE
	EndGlobalSection
	GlobalSection(ExtensibilityGlobals) = postSolution
		SolutionGuid = {4CBDA4DD-0339-4BA5-8884-3BBE5C914071}
	EndGlobalSection
EndGlobal
